
Microsoft Visual Studio Solution File, Format Version 12.00
# Visual Studio 15
VisualStudioVersion = 15.0.27703.2035
MinimumVisualStudioVersion = 10.0.40219.1
Project("{FAE04EC0-301F-11D3-BF4B-00C04F79EFBC}") = "DB project", "DB project.csproj", "{363D76DC-F657-48F3-A3F8-9EDFC7250BFA}"
EndProject
Global
	GlobalSection(SolutionConfigurationPlatforms) = preSolution
		Debug|Any CPU = Debug|Any CPU
		Release|Any CPU = Release|Any CPU
	EndGlobalSection
	GlobalSection(ProjectConfigurationPlatforms) = postSolution
		{363D76DC-F657-48F3-A3F8-9EDFC7250BFA}.Debug|Any CPU.ActiveCfg = Debug|Any CPU
		{363D76DC-F657-48F3-A3F8-9EDFC7250BFA}.Debug|Any CPU.Build.0 = Debug|Any CPU
		{363D76DC-F657-48F3-A3F8-9EDFC7250BFA}.Release|Any CPU.ActiveCfg = Release|Any CPU
		{363D76DC-F657-48F3-A3F8-9EDFC7250BFA}.Release|Any CPU.Build.0 = Release|Any CPU
	EndGlobalSection
	GlobalSection(SolutionProperties) = preSolution
		HideSolutionNode = FALSE
	EndGlobalSection
	GlobalSection(ExtensibilityGlobals) = postSolution
		SolutionGuid = {54DD2207-AE5B-40D0-98BE-BEE7C8E09F3D}
	EndGlobalSection
EndGlobal
